{
  "version": 4,
  "terraform_version": "1.11.3",
  "serial": 855,
  "lineage": "d88e8cfd-fd20-a44e-3663-9708c91ed877",
  "outputs": {},
  "resources": [
    {
      "module": "module.bucket_static_assets",
      "mode": "managed",
      "type": "google_storage_bucket",
      "name": "buckets",
      "provider": "module.bucket_static_assets.provider[\"registry.terraform.io/hashicorp/google\"]",
      "instances": [
        {
          "schema_version": 3,
          "attributes": {
            "autoclass": [],
            "cors": [],
            "custom_placement_config": [],
            "default_event_based_hold": false,
            "effective_labels": {
              "goog-terraform-provisioned": "true"
            },
            "enable_object_retention": false,
            "encryption": [],
            "force_destroy": true,
            "hierarchical_namespace": [
              {
                "enabled": false
              }
            ],
            "id": "twittix",
            "labels": {},
            "lifecycle_rule": [],
            "location": "EUROPE-WEST1",
            "logging": [],
            "name": "twittix",
            "project": "twittix",
            "project_number": 281743633186,
            "public_access_prevention": "inherited",
            "requester_pays": false,
            "retention_policy": [],
            "rpo": null,
            "self_link": "https://www.googleapis.com/storage/v1/b/twittix",
            "soft_delete_policy": [
              {
                "effective_time": "2025-06-06T17:21:13.410Z",
                "retention_duration_seconds": 604800
              }
            ],
            "storage_class": "STANDARD",
            "terraform_labels": {
              "goog-terraform-provisioned": "true"
            },
            "timeouts": null,
            "uniform_bucket_level_access": true,
            "url": "gs://twittix",
            "versioning": [],
            "website": []
          },
          "sensitive_attributes": [],
          "private": "eyJlMmJmYjczMC1lY2FhLTExZTYtOGY4OC0zNDM2M2JjN2M0YzAiOnsiY3JlYXRlIjo2MDAwMDAwMDAwMDAsInJlYWQiOjI0MDAwMDAwMDAwMCwidXBkYXRlIjoyNDAwMDAwMDAwMDB9LCJzY2hlbWFfdmVyc2lvbiI6IjMifQ=="
        }
      ]
    },
    {
      "module": "module.cdn_static_assets",
      "mode": "managed",
      "type": "google_compute_backend_bucket",
      "name": "compute_backend_bucket",
      "provider": "module.cdn_static_assets.provider[\"registry.terraform.io/hashicorp/google\"]",
      "instances": [
        {
          "schema_version": 0,
          "attributes": {
            "bucket_name": "twittix",
            "cdn_policy": [
              {
                "bypass_cache_on_request_headers": [],
                "cache_key_policy": [],
                "cache_mode": "CACHE_ALL_STATIC",
                "client_ttl": 3600,
                "default_ttl": 3600,
                "max_ttl": 86400,
                "negative_caching": true,
                "negative_caching_policy": [],
                "request_coalescing": false,
                "serve_while_stale": 86400,
                "signed_url_cache_max_age_sec": 0
              }
            ],
            "compression_mode": "",
            "creation_timestamp": "2025-06-06T10:21:23.219-07:00",
            "custom_response_headers": [],
            "description": "Backend Bucket for Twittix with CDN",
            "edge_security_policy": "",
            "enable_cdn": true,
            "id": "projects/twittix/global/backendBuckets/twittix-backend",
            "name": "twittix-backend",
            "project": "twittix",
            "self_link": "https://www.googleapis.com/compute/v1/projects/twittix/global/backendBuckets/twittix-backend",
            "timeouts": null
          },
          "sensitive_attributes": [],
          "private": "eyJlMmJmYjczMC1lY2FhLTExZTYtOGY4OC0zNDM2M2JjN2M0YzAiOnsiY3JlYXRlIjoxMjAwMDAwMDAwMDAwLCJkZWxldGUiOjEyMDAwMDAwMDAwMDAsInVwZGF0ZSI6MTIwMDAwMDAwMDAwMH19",
          "dependencies": [
            "module.bucket_static_assets.google_storage_bucket.buckets"
          ]
        }
      ]
    },
    {
      "module": "module.cdn_static_assets",
      "mode": "managed",
      "type": "google_compute_url_map",
      "name": "cdn_url_map",
      "provider": "module.cdn_static_assets.provider[\"registry.terraform.io/hashicorp/google\"]",
      "instances": [
        {
          "schema_version": 0,
          "attributes": {
            "creation_timestamp": "2025-06-06T10:21:35.047-07:00",
            "default_route_action": [],
            "default_service": "https://www.googleapis.com/compute/v1/projects/twittix/global/backendBuckets/twittix-backend",
            "default_url_redirect": [],
            "description": "",
            "fingerprint": "z_aB1Z1G9II=",
            "header_action": [],
            "host_rule": [],
            "id": "projects/twittix/global/urlMaps/cdn-twittix-url-map",
            "map_id": 8870106122219855216,
            "name": "cdn-twittix-url-map",
            "path_matcher": [],
            "project": "twittix",
            "self_link": "https://www.googleapis.com/compute/v1/projects/twittix/global/urlMaps/cdn-twittix-url-map",
            "test": [],
            "timeouts": null
          },
          "sensitive_attributes": [],
          "private": "eyJlMmJmYjczMC1lY2FhLTExZTYtOGY4OC0zNDM2M2JjN2M0YzAiOnsiY3JlYXRlIjoxMjAwMDAwMDAwMDAwLCJkZWxldGUiOjEyMDAwMDAwMDAwMDAsInVwZGF0ZSI6MTIwMDAwMDAwMDAwMH19",
          "dependencies": [
            "module.bucket_static_assets.google_storage_bucket.buckets",
            "module.cdn_static_assets.google_compute_backend_bucket.compute_backend_bucket"
          ]
        }
      ]
    },
    {
      "module": "module.cloud_sql_1",
      "mode": "managed",
      "type": "google_sql_database_instance",
      "name": "main",
      "provider": "provider[\"registry.terraform.io/hashicorp/google\"]",
      "instances": [
        {
          "schema_version": 0,
          "attributes": {
            "available_maintenance_versions": [],
            "clone": [],
            "connection_name": "twittix:europe-west1:twittix-postgres",
            "database_version": "POSTGRES_17",
            "deletion_protection": true,
            "dns_name": "",
            "encryption_key_name": null,
            "first_ip_address": "10.43.64.3",
            "id": "twittix-postgres",
            "instance_type": "CLOUD_SQL_INSTANCE",
            "ip_address": [
              {
                "ip_address": "10.43.64.3",
                "time_to_retire": "",
                "type": "PRIVATE"
              }
            ],
            "maintenance_version": "POSTGRES_17_5.R20250302.00_31",
            "master_instance_name": "",
            "name": "twittix-postgres",
            "private_ip_address": "10.43.64.3",
            "project": "twittix",
            "psc_service_attachment_link": "",
            "public_ip_address": "",
            "region": "europe-west1",
            "replica_configuration": [],
            "replica_names": [],
            "replication_cluster": [
              {
                "dr_replica": false,
                "failover_dr_replica_name": ""
              }
            ],
            "restore_backup_context": [],
            "root_password": null,
            "self_link": "https://sqladmin.googleapis.com/sql/v1beta4/projects/twittix/instances/twittix-postgres",
            "server_ca_cert": [
              {
                "cert": "-----BEGIN CERTIFICATE-----\nMIIDfzCCAmegAwIBAgIBADANBgkqhkiG9w0BAQsFADB3MS0wKwYDVQQuEyRhNTJk\nMzkzYS1lNzA0LTQyMTQtOWI2MS1iYmZmNmY0NWY1NGUxIzAhBgNVBAMTGkdvb2ds\nZSBDbG91ZCBTUUwgU2VydmVyIENBMRQwEgYDVQQKEwtHb29nbGUsIEluYzELMAkG\nA1UEBhMCVVMwHhcNMjUwNjA2MTg0MTExWhcNMzUwNjA0MTg0MjExWjB3MS0wKwYD\nVQQuEyRhNTJkMzkzYS1lNzA0LTQyMTQtOWI2MS1iYmZmNmY0NWY1NGUxIzAhBgNV\nBAMTGkdvb2dsZSBDbG91ZCBTUUwgU2VydmVyIENBMRQwEgYDVQQKEwtHb29nbGUs\nIEluYzELMAkGA1UEBhMCVVMwggEiMA0GCSqGSIb3DQEBAQUAA4IBDwAwggEKAoIB\nAQCyP1f5H62GAz7K/VJJUbQKxxk6L5GU9Zgw2Rz21LhjFALE0qvl1DN7Wwy/RaXv\n5etQ4VxGPANsFAJJ1YBQJQe3qAXhD3H54Cxgm0SWtbsBKge2fpG9dm4Wbnv6UU9r\n1rBm8bGCWMWXCy4LyLGuYBUNEYydIv/heFcTbEkXwbSoFrWEXeGNeKh+2rMBwHkp\n05f1F+T2FUVboJxeCMhjes7S7BxeTeqa46/5JWsgdR3SDnP7/8G/xx8R63FdUm2N\nf+wk7qcTtHTD33CMHmaLGJdPBVwy6ycjCj8PVMY/ivNQ0fqzvd5pCdT/MxdElaVm\nNgpgZ5kw/eez2dBuki+SaUJ3AgMBAAGjFjAUMBIGA1UdEwEB/wQIMAYBAf8CAQAw\nDQYJKoZIhvcNAQELBQADggEBAGu5wMBxqOQ7W2Gdqu8Dco9hNNsTeM9U7297o40x\nV0bjPSgdETSCRsc3x1zDnFaBST87unAT851Tb248dWvEk9ov+Av1KhRQqmBfwCZQ\nsvO4C0U1uWhH8EusVu+S7jPxoCspLzOU/gLklBt21I1STClg63xMzcDnUqQBGCmz\nw0WNEPKy5Z2sMzv5GAaWlaKvXljZBtleXPwKKqXeTeSTrYIEMYqbVOnu6VgzKfPZ\njiLtiPrtFCl7sOUJjL9YhbNZnMlfD5EK1+s//oQtUAxI528ksaY5DRm73Rd9X5z8\ngr74xz7JStnZCU9RBOKTPDl+K9HxUNQluFiIHxhjrVpkpOM=\n-----END CERTIFICATE-----",
                "common_name": "C=US,O=Google\\, Inc,CN=Google Cloud SQL Server CA,dnQualifier=a52d393a-e704-4214-9b61-bbff6f45f54e",
                "create_time": "2025-06-06T18:41:11.208Z",
                "expiration_time": "2035-06-04T18:42:11.208Z",
                "sha1_fingerprint": "66a972d757ca3ec965af80889b4359c81ab2f543"
              }
            ],
            "service_account_email_address": "p281743633186-flobzn@gcp-sa-cloud-sql.iam.gserviceaccount.com",
            "settings": [
              {
                "activation_policy": "ALWAYS",
                "active_directory_config": [],
                "advanced_machine_features": [],
                "availability_type": "ZONAL",
                "backup_configuration": [
                  {
                    "backup_retention_settings": [
                      {
                        "retained_backups": 7,
                        "retention_unit": "COUNT"
                      }
                    ],
                    "binary_log_enabled": false,
                    "enabled": false,
                    "location": "",
                    "point_in_time_recovery_enabled": false,
                    "start_time": "15:00",
                    "transaction_log_retention_days": 7
                  }
                ],
                "collation": "",
                "connector_enforcement": "NOT_REQUIRED",
                "data_cache_config": [
                  {
                    "data_cache_enabled": false
                  }
                ],
                "database_flags": [],
                "deletion_protection_enabled": false,
                "deny_maintenance_period": [],
                "disk_autoresize": true,
                "disk_autoresize_limit": 0,
                "disk_size": 10,
                "disk_type": "PD_SSD",
                "edition": "ENTERPRISE",
                "enable_dataplex_integration": false,
                "enable_google_ml_integration": false,
                "insights_config": [],
                "ip_configuration": [
                  {
                    "allocated_ip_range": "",
                    "authorized_networks": [],
                    "enable_private_path_for_google_cloud_services": false,
                    "ipv4_enabled": false,
                    "private_network": "projects/twittix/global/networks/twittix-vpc",
                    "psc_config": [],
                    "server_ca_mode": "GOOGLE_MANAGED_INTERNAL_CA",
                    "server_ca_pool": "",
                    "ssl_mode": "ALLOW_UNENCRYPTED_AND_ENCRYPTED"
                  }
                ],
                "location_preference": [
                  {
                    "follow_gae_application": "",
                    "secondary_zone": "",
                    "zone": "europe-west1-d"
                  }
                ],
                "maintenance_window": [],
                "password_validation_policy": [],
                "pricing_plan": "PER_USE",
                "sql_server_audit_config": [],
                "tier": "db-f1-micro",
                "time_zone": "",
                "user_labels": {},
                "version": 1
              }
            ],
            "timeouts": null
          },
          "sensitive_attributes": [
            [
              {
                "type": "get_attr",
                "value": "root_password"
              }
            ],
            [
              {
                "type": "get_attr",
                "value": "server_ca_cert"
              }
            ]
          ],
          "private": "eyJlMmJmYjczMC1lY2FhLTExZTYtOGY4OC0zNDM2M2JjN2M0YzAiOnsiY3JlYXRlIjo1NDAwMDAwMDAwMDAwLCJkZWxldGUiOjU0MDAwMDAwMDAwMDAsInVwZGF0ZSI6NTQwMDAwMDAwMDAwMH19",
          "dependencies": [
            "module.vpc.google_compute_global_address.private_service_access_ip_range",
            "module.vpc.google_compute_network.main",
            "module.vpc.google_project_service.servicenetworking_api",
            "module.vpc.google_service_networking_connection.private_vpc_connection"
          ]
        }
      ]
    },
    {
      "module": "module.redis",
      "mode": "managed",
      "type": "google_redis_instance",
      "name": "main",
      "provider": "provider[\"registry.terraform.io/hashicorp/google\"]",
      "instances": [
        {
          "schema_version": 0,
          "attributes": {
            "alternative_location_id": "",
            "auth_enabled": false,
            "auth_string": "",
            "authorized_network": "projects/twittix/global/networks/twittix-vpc",
            "connect_mode": "PRIVATE_SERVICE_ACCESS",
            "create_time": "2025-06-06T18:30:21.328490004Z",
            "current_location_id": "europe-west1-c",
            "customer_managed_key": "",
            "display_name": "",
            "effective_labels": {
              "goog-terraform-provisioned": "true"
            },
            "host": "10.188.119.3",
            "id": "projects/twittix/locations/europe-west1/instances/twittix-redis",
            "labels": {},
            "location_id": "europe-west1-c",
            "maintenance_policy": [],
            "maintenance_schedule": [],
            "maintenance_version": "20241107_00_00",
            "memory_size_gb": 1,
            "name": "twittix-redis",
            "nodes": [
              {
                "id": "node-0",
                "zone": "europe-west1-c"
              }
            ],
            "persistence_config": [
              {
                "persistence_mode": "DISABLED",
                "rdb_next_snapshot_time": "",
                "rdb_snapshot_period": "",
                "rdb_snapshot_start_time": ""
              }
            ],
            "persistence_iam_identity": "serviceAccount:service-281743633186@cloud-redis.iam.gserviceaccount.com",
            "port": 6379,
            "project": "twittix",
            "read_endpoint": "",
            "read_endpoint_port": 0,
            "read_replicas_mode": "READ_REPLICAS_DISABLED",
            "redis_configs": {},
            "redis_version": "REDIS_7_2",
            "region": "europe-west1",
            "replica_count": 0,
            "reserved_ip_range": null,
            "secondary_ip_range": "",
            "server_ca_certs": [],
            "terraform_labels": {
              "goog-terraform-provisioned": "true"
            },
            "tier": "BASIC",
            "timeouts": null,
            "transit_encryption_mode": "DISABLED"
          },
          "sensitive_attributes": [
            [
              {
                "type": "get_attr",
                "value": "auth_string"
              }
            ]
          ],
          "private": "eyJlMmJmYjczMC1lY2FhLTExZTYtOGY4OC0zNDM2M2JjN2M0YzAiOnsiY3JlYXRlIjoxMjAwMDAwMDAwMDAwLCJkZWxldGUiOjEyMDAwMDAwMDAwMDAsInVwZGF0ZSI6MTIwMDAwMDAwMDAwMH19",
          "dependencies": [
            "module.vpc.google_compute_global_address.private_service_access_ip_range",
            "module.vpc.google_compute_network.main",
            "module.vpc.google_project_service.servicenetworking_api",
            "module.vpc.google_service_networking_connection.private_vpc_connection"
          ]
        }
      ]
    },
    {
      "module": "module.secrets_auth_api",
      "mode": "managed",
      "type": "google_secret_manager_secret",
      "name": "secrets",
      "provider": "module.secrets_auth_api.provider[\"registry.terraform.io/hashicorp/google\"]",
      "instances": []
    },
    {
      "module": "module.secrets_auth_api",
      "mode": "managed",
      "type": "google_secret_manager_secret_version",
      "name": "secrets_version",
      "provider": "module.secrets_auth_api.provider[\"registry.terraform.io/hashicorp/google\"]",
      "instances": []
    },
    {
      "module": "module.secrets_backend_api",
      "mode": "managed",
      "type": "google_secret_manager_secret",
      "name": "secrets",
      "provider": "module.secrets_backend_api.provider[\"registry.terraform.io/hashicorp/google\"]",
      "instances": []
    },
    {
      "module": "module.secrets_backend_api",
      "mode": "managed",
      "type": "google_secret_manager_secret_version",
      "name": "secrets_version",
      "provider": "module.secrets_backend_api.provider[\"registry.terraform.io/hashicorp/google\"]",
      "instances": []
    },
    {
      "module": "module.secrets_front_admin",
      "mode": "managed",
      "type": "google_secret_manager_secret",
      "name": "secrets",
      "provider": "module.secrets_front_admin.provider[\"registry.terraform.io/hashicorp/google\"]",
      "instances": []
    },
    {
      "module": "module.secrets_front_admin",
      "mode": "managed",
      "type": "google_secret_manager_secret_version",
      "name": "secrets_version",
      "provider": "module.secrets_front_admin.provider[\"registry.terraform.io/hashicorp/google\"]",
      "instances": []
    },
    {
      "module": "module.secrets_front_user",
      "mode": "managed",
      "type": "google_secret_manager_secret",
      "name": "secrets",
      "provider": "module.secrets_front_user.provider[\"registry.terraform.io/hashicorp/google\"]",
      "instances": []
    },
    {
      "module": "module.secrets_front_user",
      "mode": "managed",
      "type": "google_secret_manager_secret_version",
      "name": "secrets_version",
      "provider": "module.secrets_front_user.provider[\"registry.terraform.io/hashicorp/google\"]",
      "instances": []
    },
    {
      "module": "module.secrets_recommendation_api",
      "mode": "managed",
      "type": "google_secret_manager_secret",
      "name": "secrets",
      "provider": "module.secrets_recommendation_api.provider[\"registry.terraform.io/hashicorp/google\"]",
      "instances": []
    },
    {
      "module": "module.secrets_recommendation_api",
      "mode": "managed",
      "type": "google_secret_manager_secret_version",
      "name": "secrets_version",
      "provider": "module.secrets_recommendation_api.provider[\"registry.terraform.io/hashicorp/google\"]",
      "instances": []
    },
    {
      "module": "module.vpc",
      "mode": "managed",
      "type": "google_compute_global_address",
      "name": "private_service_access_ip_range",
      "provider": "module.vpc.provider[\"registry.terraform.io/hashicorp/google\"]",
      "instances": [
        {
          "schema_version": 0,
          "attributes": {
            "address": "10.43.64.0",
            "address_type": "INTERNAL",
            "creation_timestamp": "2025-06-06T11:38:30.789-07:00",
            "description": "",
            "effective_labels": {
              "goog-terraform-provisioned": "true"
            },
            "id": "projects/twittix/global/addresses/twittix-vpc-private-service-access-range",
            "ip_version": "",
            "label_fingerprint": "vezUS-42LLM=",
            "labels": {},
            "name": "twittix-vpc-private-service-access-range",
            "network": "https://www.googleapis.com/compute/v1/projects/twittix/global/networks/twittix-vpc",
            "prefix_length": 20,
            "project": "twittix",
            "purpose": "VPC_PEERING",
            "self_link": "https://www.googleapis.com/compute/v1/projects/twittix/global/addresses/twittix-vpc-private-service-access-range",
            "terraform_labels": {
              "goog-terraform-provisioned": "true"
            },
            "timeouts": null
          },
          "sensitive_attributes": [],
          "private": "eyJlMmJmYjczMC1lY2FhLTExZTYtOGY4OC0zNDM2M2JjN2M0YzAiOnsiY3JlYXRlIjoxMjAwMDAwMDAwMDAwLCJkZWxldGUiOjEyMDAwMDAwMDAwMDAsInVwZGF0ZSI6MTIwMDAwMDAwMDAwMH19",
          "dependencies": [
            "module.vpc.google_compute_network.main",
            "module.vpc.google_project_service.servicenetworking_api"
          ]
        }
      ]
    },
    {
      "module": "module.vpc",
      "mode": "managed",
      "type": "google_compute_network",
      "name": "main",
      "provider": "module.vpc.provider[\"registry.terraform.io/hashicorp/google\"]",
      "instances": [
        {
          "schema_version": 0,
          "attributes": {
            "auto_create_subnetworks": false,
            "bgp_always_compare_med": false,
            "bgp_best_path_selection_mode": "LEGACY",
            "bgp_inter_region_cost": "",
            "delete_default_routes_on_create": false,
            "description": "",
            "enable_ula_internal_ipv6": false,
            "gateway_ipv4": "",
            "id": "projects/twittix/global/networks/twittix-vpc",
            "internal_ipv6_range": "",
            "mtu": 0,
            "name": "twittix-vpc",
            "network_firewall_policy_enforcement_order": "AFTER_CLASSIC_FIREWALL",
            "network_id": "4054005610695269735",
            "network_profile": "",
            "numeric_id": "4054005610695269735",
            "project": "twittix",
            "routing_mode": "REGIONAL",
            "self_link": "https://www.googleapis.com/compute/v1/projects/twittix/global/networks/twittix-vpc",
            "timeouts": null
          },
          "sensitive_attributes": [],
          "private": "eyJlMmJmYjczMC1lY2FhLTExZTYtOGY4OC0zNDM2M2JjN2M0YzAiOnsiY3JlYXRlIjoxMjAwMDAwMDAwMDAwLCJkZWxldGUiOjEyMDAwMDAwMDAwMDAsInVwZGF0ZSI6MTIwMDAwMDAwMDAwMH19"
        }
      ]
    },
    {
      "module": "module.vpc",
      "mode": "managed",
      "type": "google_compute_subnetwork",
      "name": "main_subnet",
      "provider": "module.vpc.provider[\"registry.terraform.io/hashicorp/google\"]",
      "instances": [
        {
          "schema_version": 0,
          "attributes": {
            "creation_timestamp": "2025-06-06T10:21:24.010-07:00",
            "description": "",
            "external_ipv6_prefix": "",
            "fingerprint": null,
            "gateway_address": "10.10.0.1",
            "id": "projects/twittix/regions/europe-west1/subnetworks/twittix-vpc-subnet",
            "internal_ipv6_prefix": "",
            "ip_cidr_range": "10.10.0.0/16",
            "ipv6_access_type": "",
            "ipv6_cidr_range": "",
            "log_config": [],
            "name": "twittix-vpc-subnet",
            "network": "https://www.googleapis.com/compute/v1/projects/twittix/global/networks/twittix-vpc",
            "private_ip_google_access": true,
            "private_ipv6_google_access": "DISABLE_GOOGLE_ACCESS",
            "project": "twittix",
            "purpose": "PRIVATE",
            "region": "europe-west1",
            "reserved_internal_range": "",
            "role": "",
            "secondary_ip_range": [],
            "self_link": "https://www.googleapis.com/compute/v1/projects/twittix/regions/europe-west1/subnetworks/twittix-vpc-subnet",
            "send_secondary_ip_range_if_empty": null,
            "stack_type": "IPV4_ONLY",
            "subnetwork_id": 8995295176128634235,
            "timeouts": null
          },
          "sensitive_attributes": [],
          "private": "eyJlMmJmYjczMC1lY2FhLTExZTYtOGY4OC0zNDM2M2JjN2M0YzAiOnsiY3JlYXRlIjoxMjAwMDAwMDAwMDAwLCJkZWxldGUiOjEyMDAwMDAwMDAwMDAsInVwZGF0ZSI6MTIwMDAwMDAwMDAwMH19",
          "dependencies": [
            "module.vpc.google_compute_network.main"
          ]
        }
      ]
    },
    {
      "module": "module.vpc",
      "mode": "managed",
      "type": "google_project_service",
      "name": "servicenetworking_api",
      "provider": "module.vpc.provider[\"registry.terraform.io/hashicorp/google\"]",
      "instances": [
        {
          "schema_version": 0,
          "attributes": {
            "disable_dependent_services": null,
            "disable_on_destroy": false,
            "id": "twittix/servicenetworking.googleapis.com",
            "project": "twittix",
            "service": "servicenetworking.googleapis.com",
            "timeouts": null
          },
          "sensitive_attributes": [],
          "private": "eyJlMmJmYjczMC1lY2FhLTExZTYtOGY4OC0zNDM2M2JjN2M0YzAiOnsiY3JlYXRlIjoxMjAwMDAwMDAwMDAwLCJkZWxldGUiOjEyMDAwMDAwMDAwMDAsInJlYWQiOjYwMDAwMDAwMDAwMCwidXBkYXRlIjoxMjAwMDAwMDAwMDAwfX0="
        }
      ]
    },
    {
      "module": "module.vpc",
      "mode": "managed",
      "type": "google_service_networking_connection",
      "name": "private_vpc_connection",
      "provider": "module.vpc.provider[\"registry.terraform.io/hashicorp/google\"]",
      "instances": [
        {
          "schema_version": 0,
          "attributes": {
            "deletion_policy": null,
            "id": "https%3A%2F%2Fwww.googleapis.com%2Fcompute%2Fv1%2Fprojects%2Ftwittix%2Fglobal%2Fnetworks%2Ftwittix-vpc:servicenetworking.googleapis.com",
            "network": "https://www.googleapis.com/compute/v1/projects/twittix/global/networks/twittix-vpc",
            "peering": "servicenetworking-googleapis-com",
            "reserved_peering_ranges": [
              "twittix-vpc-private-service-access-range"
            ],
            "service": "servicenetworking.googleapis.com",
            "timeouts": null,
            "update_on_creation_fail": null
          },
          "sensitive_attributes": [],
          "private": "eyJlMmJmYjczMC1lY2FhLTExZTYtOGY4OC0zNDM2M2JjN2M0YzAiOnsiY3JlYXRlIjo2MDAwMDAwMDAwMDAsImRlbGV0ZSI6NjAwMDAwMDAwMDAwLCJ1cGRhdGUiOjYwMDAwMDAwMDAwMH19",
          "dependencies": [
            "module.vpc.google_compute_global_address.private_service_access_ip_range",
            "module.vpc.google_compute_network.main",
            "module.vpc.google_project_service.servicenetworking_api"
          ]
        }
      ]
    },
    {
      "module": "module.vpc",
      "mode": "managed",
      "type": "google_vpc_access_connector",
      "name": "connector",
      "provider": "module.vpc.provider[\"registry.terraform.io/hashicorp/google\"]",
      "instances": [
        {
          "schema_version": 0,
          "attributes": {
            "connected_projects": [],
            "id": "projects/twittix/locations/europe-west1/connectors/vpc-connector-twittix",
            "ip_cidr_range": "10.8.0.0/28",
            "machine_type": "e2-micro",
            "max_instances": 5,
            "max_throughput": 500,
            "min_instances": 2,
            "min_throughput": 200,
            "name": "vpc-connector-twittix",
            "network": "twittix-vpc",
            "project": "twittix",
            "region": "europe-west1",
            "self_link": "projects/twittix/locations/europe-west1/connectors/vpc-connector-twittix",
            "state": "READY",
            "subnet": [],
            "timeouts": null
          },
          "sensitive_attributes": [],
          "private": "eyJlMmJmYjczMC1lY2FhLTExZTYtOGY4OC0zNDM2M2JjN2M0YzAiOnsiY3JlYXRlIjoxMjAwMDAwMDAwMDAwLCJkZWxldGUiOjEyMDAwMDAwMDAwMDB9fQ==",
          "dependencies": [
            "module.vpc.google_compute_network.main",
            "module.vpc.google_compute_subnetwork.main_subnet"
          ]
        }
      ]
    }
  ],
  "check_results": null
}
