{
  "version": 4,
  "terraform_version": "1.11.3",
  "serial": 555,
  "lineage": "d88e8cfd-fd20-a44e-3663-9708c91ed877",
  "outputs": {},
  "resources": [
    {
      "mode": "data",
      "type": "google_project",
      "name": "project",
      "provider": "provider[\"registry.terraform.io/hashicorp/google\"]",
      "instances": [
        {
          "schema_version": 0,
          "attributes": {
            "auto_create_network": null,
            "billing_account": "010BAA-ED516B-03FC0C",
            "deletion_policy": "PREVENT",
            "effective_labels": {},
            "folder_id": null,
            "id": "projects/twittix",
            "labels": {},
            "name": "twittix",
            "number": "281743633186",
            "org_id": null,
            "project_id": "twittix",
            "tags": null,
            "terraform_labels": {}
          },
          "sensitive_attributes": []
        }
      ]
    },
    {
      "mode": "managed",
      "type": "google_monitoring_notification_channel",
      "name": "email_alert_channel",
      "provider": "provider[\"registry.terraform.io/hashicorp/google\"]",
      "instances": [
        {
          "schema_version": 0,
          "attributes": {
            "description": "",
            "display_name": "Email Alerts for Twittix",
            "enabled": true,
            "force_delete": false,
            "id": "projects/twittix/notificationChannels/3258547874512877708",
            "labels": {
              "email_address": "theo.boursy@etud.u-picardie.fr"
            },
            "name": "projects/twittix/notificationChannels/3258547874512877708",
            "project": "twittix",
            "sensitive_labels": [],
            "timeouts": null,
            "type": "email",
            "user_labels": {},
            "verification_status": ""
          },
          "sensitive_attributes": [],
          "private": "eyJlMmJmYjczMC1lY2FhLTExZTYtOGY4OC0zNDM2M2JjN2M0YzAiOnsiY3JlYXRlIjoxMjAwMDAwMDAwMDAwLCJkZWxldGUiOjEyMDAwMDAwMDAwMDAsInVwZGF0ZSI6MTIwMDAwMDAwMDAwMH19"
        }
      ]
    },
    {
      "mode": "managed",
      "type": "google_service_account",
      "name": "cloud_run_service_account",
      "provider": "provider[\"registry.terraform.io/hashicorp/google\"]",
      "instances": [
        {
          "schema_version": 0,
          "attributes": {
            "account_id": "cloud-run",
            "create_ignore_already_exists": null,
            "description": "Service account used by Cloud Run services to access other Google Cloud resources.",
            "disabled": false,
            "display_name": "Service Account for Cloud Run services",
            "email": "cloud-run@twittix.iam.gserviceaccount.com",
            "id": "projects/twittix/serviceAccounts/cloud-run@twittix.iam.gserviceaccount.com",
            "member": "serviceAccount:cloud-run@twittix.iam.gserviceaccount.com",
            "name": "projects/twittix/serviceAccounts/cloud-run@twittix.iam.gserviceaccount.com",
            "project": "twittix",
            "timeouts": null,
            "unique_id": "111078032616357076258"
          },
          "sensitive_attributes": [],
          "private": "eyJlMmJmYjczMC1lY2FhLTExZTYtOGY4OC0zNDM2M2JjN2M0YzAiOnsiY3JlYXRlIjozMDAwMDAwMDAwMDB9fQ=="
        }
      ]
    },
    {
      "mode": "managed",
      "type": "google_service_account_iam_member",
      "name": "cloud_run_sa_actas_permission",
      "provider": "provider[\"registry.terraform.io/hashicorp/google\"]",
      "instances": [
        {
          "schema_version": 0,
          "attributes": {
            "condition": [],
            "etag": "BwY26XVKF6Q=",
            "id": "projects/twittix/serviceAccounts/cloud-run@twittix.iam.gserviceaccount.com/roles/iam.serviceAccountUser/user:boursyt@gmail.com",
            "member": "user:boursyt@gmail.com",
            "role": "roles/iam.serviceAccountUser",
            "service_account_id": "projects/twittix/serviceAccounts/cloud-run@twittix.iam.gserviceaccount.com"
          },
          "sensitive_attributes": [],
          "private": "bnVsbA==",
          "dependencies": [
            "google_service_account.cloud_run_service_account"
          ]
        }
      ]
    },
    {
      "module": "module.artifact_registry",
      "mode": "managed",
      "type": "google_artifact_registry_repository",
      "name": "main",
      "provider": "module.artifact_registry.provider[\"registry.terraform.io/hashicorp/google\"]",
      "instances": [
        {
          "schema_version": 0,
          "attributes": {
            "cleanup_policies": [],
            "cleanup_policy_dry_run": false,
            "create_time": "2025-06-06T16:09:30.302477Z",
            "description": "Conteneurs de l'application Twittix",
            "docker_config": [],
            "effective_labels": {
              "goog-terraform-provisioned": "true"
            },
            "format": "DOCKER",
            "id": "projects/twittix/locations/europe-west1/repositories/twittix",
            "kms_key_name": "",
            "labels": {},
            "location": "europe-west1",
            "maven_config": [],
            "mode": "STANDARD_REPOSITORY",
            "name": "twittix",
            "project": "twittix",
            "remote_repository_config": [],
            "repository_id": "twittix",
            "terraform_labels": {
              "goog-terraform-provisioned": "true"
            },
            "timeouts": null,
            "update_time": "2025-06-06T16:09:30.302477Z",
            "virtual_repository_config": [],
            "vulnerability_scanning_config": [
              {
                "enablement_config": "",
                "enablement_state": "SCANNING_DISABLED",
                "enablement_state_reason": "API containerscanning.googleapis.com is not enabled."
              }
            ]
          },
          "sensitive_attributes": [],
          "private": "eyJlMmJmYjczMC1lY2FhLTExZTYtOGY4OC0zNDM2M2JjN2M0YzAiOnsiY3JlYXRlIjoxMjAwMDAwMDAwMDAwLCJkZWxldGUiOjEyMDAwMDAwMDAwMDAsInVwZGF0ZSI6MTIwMDAwMDAwMDAwMH19"
        }
      ]
    },
    {
      "module": "module.artifact_registry",
      "mode": "managed",
      "type": "google_artifact_registry_repository_iam_member",
      "name": "writer",
      "provider": "module.artifact_registry.provider[\"registry.terraform.io/hashicorp/google\"]",
      "instances": [
        {
          "schema_version": 0,
          "attributes": {
            "condition": [],
            "etag": "BwY26XUbGAM=",
            "id": "projects/twittix/locations/europe-west1/repositories/twittix/roles/artifactregistry.writer/serviceAccount:281743633186@cloudbuild.gserviceaccount.com",
            "location": "europe-west1",
            "member": "serviceAccount:281743633186@cloudbuild.gserviceaccount.com",
            "project": "twittix",
            "repository": "projects/twittix/locations/europe-west1/repositories/twittix",
            "role": "roles/artifactregistry.writer"
          },
          "sensitive_attributes": [],
          "private": "bnVsbA==",
          "dependencies": [
            "data.google_project.project",
            "module.artifact_registry.google_artifact_registry_repository.main"
          ]
        }
      ]
    },
    {
      "module": "module.bucket_static_assets",
      "mode": "managed",
      "type": "google_storage_bucket",
      "name": "buckets",
      "provider": "module.bucket_static_assets.provider[\"registry.terraform.io/hashicorp/google\"]",
      "instances": [
        {
          "schema_version": 3,
          "attributes": {
            "autoclass": [],
            "cors": [],
            "custom_placement_config": [],
            "default_event_based_hold": false,
            "effective_labels": {
              "goog-terraform-provisioned": "true"
            },
            "enable_object_retention": false,
            "encryption": [],
            "force_destroy": true,
            "hierarchical_namespace": [
              {
                "enabled": false
              }
            ],
            "id": "twittix",
            "labels": {},
            "lifecycle_rule": [],
            "location": "EUROPE-WEST1",
            "logging": [],
            "name": "twittix",
            "project": "twittix",
            "project_number": 281743633186,
            "public_access_prevention": "inherited",
            "requester_pays": false,
            "retention_policy": [],
            "rpo": null,
            "self_link": "https://www.googleapis.com/storage/v1/b/twittix",
            "soft_delete_policy": [
              {
                "effective_time": "2025-06-06T16:09:29.769Z",
                "retention_duration_seconds": 604800
              }
            ],
            "storage_class": "STANDARD",
            "terraform_labels": {
              "goog-terraform-provisioned": "true"
            },
            "timeouts": null,
            "uniform_bucket_level_access": true,
            "url": "gs://twittix",
            "versioning": [],
            "website": []
          },
          "sensitive_attributes": [],
          "private": "eyJlMmJmYjczMC1lY2FhLTExZTYtOGY4OC0zNDM2M2JjN2M0YzAiOnsiY3JlYXRlIjo2MDAwMDAwMDAwMDAsInJlYWQiOjI0MDAwMDAwMDAwMCwidXBkYXRlIjoyNDAwMDAwMDAwMDB9LCJzY2hlbWFfdmVyc2lvbiI6IjMifQ=="
        }
      ]
    },
    {
      "module": "module.bucket_static_assets",
      "mode": "managed",
      "type": "google_storage_bucket_iam_member",
      "name": "bucket_iam_management",
      "provider": "module.bucket_static_assets.provider[\"registry.terraform.io/hashicorp/google\"]",
      "instances": [
        {
          "schema_version": 0,
          "attributes": {
            "bucket": "b/twittix",
            "condition": [],
            "etag": "CAI=",
            "id": "b/twittix/roles/storage.objectViewer/allUsers",
            "member": "allUsers",
            "role": "roles/storage.objectViewer"
          },
          "sensitive_attributes": [],
          "private": "bnVsbA==",
          "dependencies": [
            "module.bucket_static_assets.google_storage_bucket.buckets"
          ]
        }
      ]
    },
    {
      "module": "module.cdn_static_assets",
      "mode": "managed",
      "type": "google_compute_backend_bucket",
      "name": "compute_backend_bucket",
      "provider": "module.cdn_static_assets.provider[\"registry.terraform.io/hashicorp/google\"]",
      "instances": [
        {
          "schema_version": 0,
          "attributes": {
            "bucket_name": "twittix",
            "cdn_policy": [
              {
                "bypass_cache_on_request_headers": [],
                "cache_key_policy": [],
                "cache_mode": "CACHE_ALL_STATIC",
                "client_ttl": 3600,
                "default_ttl": 3600,
                "max_ttl": 86400,
                "negative_caching": true,
                "negative_caching_policy": [],
                "request_coalescing": false,
                "serve_while_stale": 86400,
                "signed_url_cache_max_age_sec": 0
              }
            ],
            "compression_mode": "",
            "creation_timestamp": "2025-06-06T09:09:38.108-07:00",
            "custom_response_headers": [],
            "description": "Backend Bucket for Twittix with CDN",
            "edge_security_policy": "",
            "enable_cdn": true,
            "id": "projects/twittix/global/backendBuckets/twittix-backend",
            "name": "twittix-backend",
            "project": "twittix",
            "self_link": "https://www.googleapis.com/compute/v1/projects/twittix/global/backendBuckets/twittix-backend",
            "timeouts": null
          },
          "sensitive_attributes": [],
          "private": "eyJlMmJmYjczMC1lY2FhLTExZTYtOGY4OC0zNDM2M2JjN2M0YzAiOnsiY3JlYXRlIjoxMjAwMDAwMDAwMDAwLCJkZWxldGUiOjEyMDAwMDAwMDAwMDAsInVwZGF0ZSI6MTIwMDAwMDAwMDAwMH19",
          "dependencies": [
            "module.bucket_static_assets.google_storage_bucket.buckets"
          ]
        }
      ]
    },
    {
      "module": "module.cdn_static_assets",
      "mode": "managed",
      "type": "google_compute_global_address",
      "name": "cdn_reserved_ip",
      "provider": "module.cdn_static_assets.provider[\"registry.terraform.io/hashicorp/google\"]",
      "instances": [
        {
          "schema_version": 0,
          "attributes": {
            "address": "34.8.101.80",
            "address_type": "EXTERNAL",
            "creation_timestamp": "2025-06-06T09:09:30.060-07:00",
            "description": "",
            "effective_labels": {
              "goog-terraform-provisioned": "true"
            },
            "id": "projects/twittix/global/addresses/cdn-twittix-ip",
            "ip_version": "",
            "label_fingerprint": "vezUS-42LLM=",
            "labels": {},
            "name": "cdn-twittix-ip",
            "network": "",
            "prefix_length": 0,
            "project": "twittix",
            "purpose": "",
            "self_link": "https://www.googleapis.com/compute/v1/projects/twittix/global/addresses/cdn-twittix-ip",
            "terraform_labels": {
              "goog-terraform-provisioned": "true"
            },
            "timeouts": null
          },
          "sensitive_attributes": [],
          "private": "eyJlMmJmYjczMC1lY2FhLTExZTYtOGY4OC0zNDM2M2JjN2M0YzAiOnsiY3JlYXRlIjoxMjAwMDAwMDAwMDAwLCJkZWxldGUiOjEyMDAwMDAwMDAwMDAsInVwZGF0ZSI6MTIwMDAwMDAwMDAwMH19"
        }
      ]
    },
    {
      "module": "module.cdn_static_assets",
      "mode": "managed",
      "type": "google_compute_global_forwarding_rule",
      "name": "cdn_forwarding_rule",
      "provider": "module.cdn_static_assets.provider[\"registry.terraform.io/hashicorp/google\"]",
      "instances": [
        {
          "schema_version": 0,
          "attributes": {
            "base_forwarding_rule": "",
            "description": "",
            "effective_labels": {},
            "forwarding_rule_id": 2587974053837843466,
            "id": "projects/twittix/global/forwardingRules/cdn-twittix-forwarding",
            "ip_address": "34.8.101.80",
            "ip_protocol": "TCP",
            "ip_version": "",
            "label_fingerprint": "42WmSpB8rSM=",
            "labels": {},
            "load_balancing_scheme": "EXTERNAL",
            "metadata_filters": [],
            "name": "cdn-twittix-forwarding",
            "network": "",
            "network_tier": "PREMIUM",
            "no_automate_dns_zone": null,
            "port_range": "80-80",
            "project": "twittix",
            "psc_connection_id": "",
            "psc_connection_status": "",
            "self_link": "https://www.googleapis.com/compute/v1/projects/twittix/global/forwardingRules/cdn-twittix-forwarding",
            "service_directory_registrations": [],
            "source_ip_ranges": [],
            "subnetwork": "",
            "target": "https://www.googleapis.com/compute/v1/projects/twittix/global/targetHttpProxies/cdn-twittix-http-proxy",
            "terraform_labels": {},
            "timeouts": null
          },
          "sensitive_attributes": [],
          "private": "eyJlMmJmYjczMC1lY2FhLTExZTYtOGY4OC0zNDM2M2JjN2M0YzAiOnsiY3JlYXRlIjoxMjAwMDAwMDAwMDAwLCJkZWxldGUiOjEyMDAwMDAwMDAwMDAsInVwZGF0ZSI6MTIwMDAwMDAwMDAwMH19",
          "dependencies": [
            "module.bucket_static_assets.google_storage_bucket.buckets",
            "module.cdn_static_assets.google_compute_backend_bucket.compute_backend_bucket",
            "module.cdn_static_assets.google_compute_global_address.cdn_reserved_ip",
            "module.cdn_static_assets.google_compute_target_http_proxy.cdn_http_proxy",
            "module.cdn_static_assets.google_compute_url_map.cdn_url_map"
          ]
        }
      ]
    },
    {
      "module": "module.cdn_static_assets",
      "mode": "managed",
      "type": "google_compute_target_http_proxy",
      "name": "cdn_http_proxy",
      "provider": "module.cdn_static_assets.provider[\"registry.terraform.io/hashicorp/google\"]",
      "instances": [
        {
          "schema_version": 0,
          "attributes": {
            "creation_timestamp": "2025-06-06T09:10:01.862-07:00",
            "description": "",
            "http_keep_alive_timeout_sec": 0,
            "id": "projects/twittix/global/targetHttpProxies/cdn-twittix-http-proxy",
            "name": "cdn-twittix-http-proxy",
            "project": "twittix",
            "proxy_bind": false,
            "proxy_id": 5564856602985409590,
            "self_link": "https://www.googleapis.com/compute/v1/projects/twittix/global/targetHttpProxies/cdn-twittix-http-proxy",
            "timeouts": null,
            "url_map": "https://www.googleapis.com/compute/v1/projects/twittix/global/urlMaps/cdn-twittix-url-map"
          },
          "sensitive_attributes": [],
          "private": "eyJlMmJmYjczMC1lY2FhLTExZTYtOGY4OC0zNDM2M2JjN2M0YzAiOnsiY3JlYXRlIjoxMjAwMDAwMDAwMDAwLCJkZWxldGUiOjEyMDAwMDAwMDAwMDAsInVwZGF0ZSI6MTIwMDAwMDAwMDAwMH19",
          "dependencies": [
            "module.bucket_static_assets.google_storage_bucket.buckets",
            "module.cdn_static_assets.google_compute_backend_bucket.compute_backend_bucket",
            "module.cdn_static_assets.google_compute_url_map.cdn_url_map"
          ]
        }
      ]
    },
    {
      "module": "module.cdn_static_assets",
      "mode": "managed",
      "type": "google_compute_url_map",
      "name": "cdn_url_map",
      "provider": "module.cdn_static_assets.provider[\"registry.terraform.io/hashicorp/google\"]",
      "instances": [
        {
          "schema_version": 0,
          "attributes": {
            "creation_timestamp": "2025-06-06T09:09:50.260-07:00",
            "default_route_action": [],
            "default_service": "https://www.googleapis.com/compute/v1/projects/twittix/global/backendBuckets/twittix-backend",
            "default_url_redirect": [],
            "description": "",
            "fingerprint": "FJ0MNUe1YmU=",
            "header_action": [],
            "host_rule": [],
            "id": "projects/twittix/global/urlMaps/cdn-twittix-url-map",
            "map_id": 8450442741718887457,
            "name": "cdn-twittix-url-map",
            "path_matcher": [],
            "project": "twittix",
            "self_link": "https://www.googleapis.com/compute/v1/projects/twittix/global/urlMaps/cdn-twittix-url-map",
            "test": [],
            "timeouts": null
          },
          "sensitive_attributes": [],
          "private": "eyJlMmJmYjczMC1lY2FhLTExZTYtOGY4OC0zNDM2M2JjN2M0YzAiOnsiY3JlYXRlIjoxMjAwMDAwMDAwMDAwLCJkZWxldGUiOjEyMDAwMDAwMDAwMDAsInVwZGF0ZSI6MTIwMDAwMDAwMDAwMH19",
          "dependencies": [
            "module.bucket_static_assets.google_storage_bucket.buckets",
            "module.cdn_static_assets.google_compute_backend_bucket.compute_backend_bucket"
          ]
        }
      ]
    },
    {
      "module": "module.cloud_run_auth_api",
      "mode": "managed",
      "type": "google_cloud_run_service",
      "name": "default",
      "provider": "module.cloud_run_auth_api.provider[\"registry.terraform.io/hashicorp/google\"]",
      "instances": [
        {
          "status": "tainted",
          "schema_version": 2,
          "attributes": {
            "autogenerate_revision_name": false,
            "id": "locations/europe-west1/namespaces/twittix/services/auth-api",
            "location": "europe-west1",
            "metadata": null,
            "name": "auth-api",
            "project": "twittix",
            "status": null,
            "template": [
              {
                "metadata": [
                  {
                    "annotations": {
                      "run.googleapis.com/vpc-access-connector": "projects/twittix/locations/europe-west1/connectors/vpc-connector-twittix",
                      "run.googleapis.com/vpc-access-egress": "all"
                    },
                    "generation": 0,
                    "labels": {},
                    "name": "",
                    "namespace": "",
                    "resource_version": "",
                    "self_link": "",
                    "uid": ""
                  }
                ],
                "spec": [
                  {
                    "container_concurrency": 0,
                    "containers": [
                      {
                        "args": null,
                        "command": null,
                        "env": [],
                        "env_from": [],
                        "image": "europe-west1-docker.pkg.dev/twittix/twittix/auth-api:latest",
                        "liveness_probe": [],
                        "name": "",
                        "ports": [
                          {
                            "container_port": 8080,
                            "name": "",
                            "protocol": ""
                          }
                        ],
                        "resources": [],
                        "startup_probe": [],
                        "volume_mounts": [],
                        "working_dir": ""
                      }
                    ],
                    "service_account_name": "cloud-run@twittix.iam.gserviceaccount.com",
                    "serving_state": "",
                    "timeout_seconds": 0,
                    "volumes": []
                  }
                ]
              }
            ],
            "timeouts": null,
            "traffic": [
              {
                "latest_revision": true,
                "percent": 100,
                "revision_name": "",
                "tag": "",
                "url": ""
              }
            ]
          },
          "sensitive_attributes": [],
          "private": "eyJlMmJmYjczMC1lY2FhLTExZTYtOGY4OC0zNDM2M2JjN2M0YzAiOnsiY3JlYXRlIjoxMjAwMDAwMDAwMDAwLCJkZWxldGUiOjEyMDAwMDAwMDAwMDAsInVwZGF0ZSI6MTIwMDAwMDAwMDAwMH0sInNjaGVtYV92ZXJzaW9uIjoiMiJ9",
          "dependencies": [
            "google_service_account.cloud_run_service_account",
            "module.vpc.google_compute_network.main",
            "module.vpc.google_compute_subnetwork.main_subnet",
            "module.vpc.google_vpc_access_connector.connector"
          ]
        }
      ]
    },
    {
      "module": "module.cloud_run_backend_api",
      "mode": "managed",
      "type": "google_cloud_run_service",
      "name": "default",
      "provider": "module.cloud_run_backend_api.provider[\"registry.terraform.io/hashicorp/google\"]",
      "instances": [
        {
          "status": "tainted",
          "schema_version": 2,
          "attributes": {
            "autogenerate_revision_name": false,
            "id": "locations/europe-west1/namespaces/twittix/services/backend-api",
            "location": "europe-west1",
            "metadata": null,
            "name": "backend-api",
            "project": "twittix",
            "status": null,
            "template": [
              {
                "metadata": [
                  {
                    "annotations": {
                      "run.googleapis.com/vpc-access-connector": "projects/twittix/locations/europe-west1/connectors/vpc-connector-twittix",
                      "run.googleapis.com/vpc-access-egress": "all"
                    },
                    "generation": 0,
                    "labels": {},
                    "name": "",
                    "namespace": "",
                    "resource_version": "",
                    "self_link": "",
                    "uid": ""
                  }
                ],
                "spec": [
                  {
                    "container_concurrency": 0,
                    "containers": [
                      {
                        "args": null,
                        "command": null,
                        "env": [],
                        "env_from": [],
                        "image": "europe-west1-docker.pkg.dev/twittix/twittix/backend-api:latest",
                        "liveness_probe": [],
                        "name": "",
                        "ports": [
                          {
                            "container_port": 8081,
                            "name": "",
                            "protocol": ""
                          }
                        ],
                        "resources": [],
                        "startup_probe": [],
                        "volume_mounts": [],
                        "working_dir": ""
                      }
                    ],
                    "service_account_name": "cloud-run@twittix.iam.gserviceaccount.com",
                    "serving_state": "",
                    "timeout_seconds": 0,
                    "volumes": []
                  }
                ]
              }
            ],
            "timeouts": null,
            "traffic": [
              {
                "latest_revision": true,
                "percent": 100,
                "revision_name": "",
                "tag": "",
                "url": ""
              }
            ]
          },
          "sensitive_attributes": [],
          "private": "eyJlMmJmYjczMC1lY2FhLTExZTYtOGY4OC0zNDM2M2JjN2M0YzAiOnsiY3JlYXRlIjoxMjAwMDAwMDAwMDAwLCJkZWxldGUiOjEyMDAwMDAwMDAwMDAsInVwZGF0ZSI6MTIwMDAwMDAwMDAwMH0sInNjaGVtYV92ZXJzaW9uIjoiMiJ9",
          "dependencies": [
            "google_service_account.cloud_run_service_account",
            "module.vpc.google_compute_network.main",
            "module.vpc.google_compute_subnetwork.main_subnet",
            "module.vpc.google_vpc_access_connector.connector"
          ]
        }
      ]
    },
    {
      "module": "module.cloud_run_front_user",
      "mode": "managed",
      "type": "google_cloud_run_service",
      "name": "default",
      "provider": "module.cloud_run_front_user.provider[\"registry.terraform.io/hashicorp/google\"]",
      "instances": [
        {
          "status": "tainted",
          "schema_version": 2,
          "attributes": {
            "autogenerate_revision_name": false,
            "id": "locations/europe-west1/namespaces/twittix/services/front-user",
            "location": "europe-west1",
            "metadata": null,
            "name": "front-user",
            "project": "twittix",
            "status": null,
            "template": [
              {
                "metadata": [
                  {
                    "annotations": {
                      "run.googleapis.com/vpc-access-connector": "projects/twittix/locations/europe-west1/connectors/vpc-connector-twittix",
                      "run.googleapis.com/vpc-access-egress": "all"
                    },
                    "generation": 0,
                    "labels": {},
                    "name": "",
                    "namespace": "",
                    "resource_version": "",
                    "self_link": "",
                    "uid": ""
                  }
                ],
                "spec": [
                  {
                    "container_concurrency": 0,
                    "containers": [
                      {
                        "args": null,
                        "command": null,
                        "env": [],
                        "env_from": [],
                        "image": "europe-west1-docker.pkg.dev/twittix/twittix/front-user:latest",
                        "liveness_probe": [],
                        "name": "",
                        "ports": [
                          {
                            "container_port": 80,
                            "name": "",
                            "protocol": ""
                          }
                        ],
                        "resources": [],
                        "startup_probe": [],
                        "volume_mounts": [],
                        "working_dir": ""
                      }
                    ],
                    "service_account_name": "cloud-run@twittix.iam.gserviceaccount.com",
                    "serving_state": "",
                    "timeout_seconds": 0,
                    "volumes": []
                  }
                ]
              }
            ],
            "timeouts": null,
            "traffic": [
              {
                "latest_revision": true,
                "percent": 100,
                "revision_name": "",
                "tag": "",
                "url": ""
              }
            ]
          },
          "sensitive_attributes": [],
          "private": "eyJlMmJmYjczMC1lY2FhLTExZTYtOGY4OC0zNDM2M2JjN2M0YzAiOnsiY3JlYXRlIjoxMjAwMDAwMDAwMDAwLCJkZWxldGUiOjEyMDAwMDAwMDAwMDAsInVwZGF0ZSI6MTIwMDAwMDAwMDAwMH0sInNjaGVtYV92ZXJzaW9uIjoiMiJ9",
          "dependencies": [
            "google_service_account.cloud_run_service_account",
            "module.vpc.google_compute_network.main",
            "module.vpc.google_compute_subnetwork.main_subnet",
            "module.vpc.google_vpc_access_connector.connector"
          ]
        }
      ]
    },
    {
      "module": "module.cloud_run_reco_api",
      "mode": "managed",
      "type": "google_cloud_run_service",
      "name": "default",
      "provider": "module.cloud_run_reco_api.provider[\"registry.terraform.io/hashicorp/google\"]",
      "instances": [
        {
          "status": "tainted",
          "schema_version": 2,
          "attributes": {
            "autogenerate_revision_name": false,
            "id": "locations/europe-west1/namespaces/twittix/services/reco-api",
            "location": "europe-west1",
            "metadata": null,
            "name": "reco-api",
            "project": "twittix",
            "status": null,
            "template": [
              {
                "metadata": [
                  {
                    "annotations": {
                      "run.googleapis.com/vpc-access-connector": "projects/twittix/locations/europe-west1/connectors/vpc-connector-twittix",
                      "run.googleapis.com/vpc-access-egress": "all"
                    },
                    "generation": 0,
                    "labels": {},
                    "name": "",
                    "namespace": "",
                    "resource_version": "",
                    "self_link": "",
                    "uid": ""
                  }
                ],
                "spec": [
                  {
                    "container_concurrency": 0,
                    "containers": [
                      {
                        "args": null,
                        "command": null,
                        "env": [],
                        "env_from": [],
                        "image": "europe-west1-docker.pkg.dev/twittix/twittix/reco-api:latest",
                        "liveness_probe": [],
                        "name": "",
                        "ports": [
                          {
                            "container_port": 8082,
                            "name": "",
                            "protocol": ""
                          }
                        ],
                        "resources": [],
                        "startup_probe": [],
                        "volume_mounts": [],
                        "working_dir": ""
                      }
                    ],
                    "service_account_name": "cloud-run@twittix.iam.gserviceaccount.com",
                    "serving_state": "",
                    "timeout_seconds": 0,
                    "volumes": []
                  }
                ]
              }
            ],
            "timeouts": null,
            "traffic": [
              {
                "latest_revision": true,
                "percent": 100,
                "revision_name": "",
                "tag": "",
                "url": ""
              }
            ]
          },
          "sensitive_attributes": [],
          "private": "eyJlMmJmYjczMC1lY2FhLTExZTYtOGY4OC0zNDM2M2JjN2M0YzAiOnsiY3JlYXRlIjoxMjAwMDAwMDAwMDAwLCJkZWxldGUiOjEyMDAwMDAwMDAwMDAsInVwZGF0ZSI6MTIwMDAwMDAwMDAwMH0sInNjaGVtYV92ZXJzaW9uIjoiMiJ9",
          "dependencies": [
            "google_service_account.cloud_run_service_account",
            "module.vpc.google_compute_network.main",
            "module.vpc.google_compute_subnetwork.main_subnet",
            "module.vpc.google_vpc_access_connector.connector"
          ]
        }
      ]
    },
    {
      "module": "module.monitoring_logging_cloud_run",
      "mode": "managed",
      "type": "google_logging_project_sink",
      "name": "log_sink",
      "provider": "module.monitoring_logging_cloud_run.provider[\"registry.terraform.io/hashicorp/google\"]",
      "instances": [
        {
          "schema_version": 0,
          "attributes": {
            "bigquery_options": [],
            "custom_writer_identity": null,
            "description": "",
            "destination": "storage.googleapis.com/cloudrun-logs",
            "disabled": false,
            "exclusions": [],
            "filter": "resource.type=cloud_run_revision",
            "id": "projects/twittix/sinks/log-sink-cloud-run",
            "name": "log-sink-cloud-run",
            "project": "twittix",
            "unique_writer_identity": true,
            "writer_identity": "serviceAccount:service-281743633186@gcp-sa-logging.iam.gserviceaccount.com"
          },
          "sensitive_attributes": [],
          "private": "bnVsbA=="
        }
      ]
    },
    {
      "module": "module.monitoring_logging_cloud_run",
      "mode": "managed",
      "type": "google_monitoring_alert_policy",
      "name": "cpu_alert",
      "provider": "module.monitoring_logging_cloud_run.provider[\"registry.terraform.io/hashicorp/google\"]",
      "instances": [
        {
          "schema_version": 0,
          "attributes": {
            "alert_strategy": [],
            "combiner": "OR",
            "conditions": [
              {
                "condition_absent": [],
                "condition_matched_log": [],
                "condition_monitoring_query_language": [],
                "condition_prometheus_query_language": [],
                "condition_threshold": [
                  {
                    "aggregations": [
                      {
                        "alignment_period": "60s",
                        "cross_series_reducer": "",
                        "group_by_fields": [],
                        "per_series_aligner": "ALIGN_PERCENTILE_95"
                      }
                    ],
                    "comparison": "COMPARISON_GT",
                    "denominator_aggregations": [],
                    "denominator_filter": "",
                    "duration": "60s",
                    "evaluation_missing_data": "",
                    "filter": "resource.type=\"cloud_run_revision\" AND metric.type=\"run.googleapis.com/container/cpu/utilizations\"",
                    "forecast_options": [],
                    "threshold_value": 0.8,
                    "trigger": []
                  }
                ],
                "display_name": "CPU over 80%",
                "name": "projects/twittix/alertPolicies/5936283750367585723/conditions/5936283750367584386"
              }
            ],
            "creation_record": [
              {
                "mutate_time": "2025-06-06T16:09:41.779113930Z",
                "mutated_by": "boursyt@gmail.com"
              }
            ],
            "display_name": "High CPU Usage",
            "documentation": [],
            "enabled": true,
            "id": "projects/twittix/alertPolicies/5936283750367585723",
            "name": "projects/twittix/alertPolicies/5936283750367585723",
            "notification_channels": [
              "projects/twittix/notificationChannels/3258547874512877708"
            ],
            "project": "twittix",
            "severity": "",
            "timeouts": null,
            "user_labels": {}
          },
          "sensitive_attributes": [],
          "private": "eyJlMmJmYjczMC1lY2FhLTExZTYtOGY4OC0zNDM2M2JjN2M0YzAiOnsiY3JlYXRlIjoxMjAwMDAwMDAwMDAwLCJkZWxldGUiOjEyMDAwMDAwMDAwMDAsInVwZGF0ZSI6MTIwMDAwMDAwMDAwMH19",
          "dependencies": [
            "google_monitoring_notification_channel.email_alert_channel"
          ]
        }
      ]
    },
    {
      "module": "module.monitoring_logging_cloud_run",
      "mode": "managed",
      "type": "google_monitoring_alert_policy",
      "name": "ram_alert",
      "provider": "module.monitoring_logging_cloud_run.provider[\"registry.terraform.io/hashicorp/google\"]",
      "instances": [
        {
          "schema_version": 0,
          "attributes": {
            "alert_strategy": [],
            "combiner": "OR",
            "conditions": [
              {
                "condition_absent": [],
                "condition_matched_log": [],
                "condition_monitoring_query_language": [],
                "condition_prometheus_query_language": [],
                "condition_threshold": [
                  {
                    "aggregations": [
                      {
                        "alignment_period": "60s",
                        "cross_series_reducer": "",
                        "group_by_fields": [],
                        "per_series_aligner": "ALIGN_PERCENTILE_95"
                      }
                    ],
                    "comparison": "COMPARISON_GT",
                    "denominator_aggregations": [],
                    "denominator_filter": "",
                    "duration": "60s",
                    "evaluation_missing_data": "",
                    "filter": "resource.type=\"cloud_run_revision\" AND metric.type=\"run.googleapis.com/container/memory/utilizations\"",
                    "forecast_options": [],
                    "threshold_value": 0.8,
                    "trigger": []
                  }
                ],
                "display_name": "RAM over 80%",
                "name": "projects/twittix/alertPolicies/13967165492311659363/conditions/13967165492311658660"
              }
            ],
            "creation_record": [
              {
                "mutate_time": "2025-06-06T16:09:39.966066648Z",
                "mutated_by": "boursyt@gmail.com"
              }
            ],
            "display_name": "High RAM Usage",
            "documentation": [],
            "enabled": true,
            "id": "projects/twittix/alertPolicies/13967165492311659363",
            "name": "projects/twittix/alertPolicies/13967165492311659363",
            "notification_channels": [
              "projects/twittix/notificationChannels/3258547874512877708"
            ],
            "project": "twittix",
            "severity": "",
            "timeouts": null,
            "user_labels": {}
          },
          "sensitive_attributes": [],
          "private": "eyJlMmJmYjczMC1lY2FhLTExZTYtOGY4OC0zNDM2M2JjN2M0YzAiOnsiY3JlYXRlIjoxMjAwMDAwMDAwMDAwLCJkZWxldGUiOjEyMDAwMDAwMDAwMDAsInVwZGF0ZSI6MTIwMDAwMDAwMDAwMH19",
          "dependencies": [
            "google_monitoring_notification_channel.email_alert_channel"
          ]
        }
      ]
    },
    {
      "module": "module.monitoring_logging_cloud_run",
      "mode": "managed",
      "type": "google_monitoring_alert_policy",
      "name": "redis_memory_alert",
      "provider": "module.monitoring_logging_cloud_run.provider[\"registry.terraform.io/hashicorp/google\"]",
      "instances": [
        {
          "schema_version": 0,
          "attributes": {
            "alert_strategy": [],
            "combiner": "OR",
            "conditions": [
              {
                "condition_absent": [],
                "condition_matched_log": [],
                "condition_monitoring_query_language": [],
                "condition_prometheus_query_language": [],
                "condition_threshold": [
                  {
                    "aggregations": [
                      {
                        "alignment_period": "60s",
                        "cross_series_reducer": "",
                        "group_by_fields": [],
                        "per_series_aligner": "ALIGN_MEAN"
                      }
                    ],
                    "comparison": "COMPARISON_GT",
                    "denominator_aggregations": [],
                    "denominator_filter": "",
                    "duration": "60s",
                    "evaluation_missing_data": "",
                    "filter": "resource.type=\"redis_instance\" AND metric.type=\"redis.googleapis.com/stats/memory/usage_ratio\"",
                    "forecast_options": [],
                    "threshold_value": 0.8,
                    "trigger": []
                  }
                ],
                "display_name": "Redis memory over 80%",
                "name": "projects/twittix/alertPolicies/15198347243199224948/conditions/15198347243199223867"
              }
            ],
            "creation_record": [
              {
                "mutate_time": "2025-06-06T16:09:34.939133107Z",
                "mutated_by": "boursyt@gmail.com"
              }
            ],
            "display_name": "Redis Memory Usage \u003e 80%",
            "documentation": [],
            "enabled": true,
            "id": "projects/twittix/alertPolicies/15198347243199224948",
            "name": "projects/twittix/alertPolicies/15198347243199224948",
            "notification_channels": [
              "projects/twittix/notificationChannels/3258547874512877708"
            ],
            "project": "twittix",
            "severity": "",
            "timeouts": null,
            "user_labels": {}
          },
          "sensitive_attributes": [],
          "private": "eyJlMmJmYjczMC1lY2FhLTExZTYtOGY4OC0zNDM2M2JjN2M0YzAiOnsiY3JlYXRlIjoxMjAwMDAwMDAwMDAwLCJkZWxldGUiOjEyMDAwMDAwMDAwMDAsInVwZGF0ZSI6MTIwMDAwMDAwMDAwMH19",
          "dependencies": [
            "google_monitoring_notification_channel.email_alert_channel"
          ]
        }
      ]
    },
    {
      "module": "module.monitoring_logging_cloud_run",
      "mode": "managed",
      "type": "google_monitoring_alert_policy",
      "name": "sql_storage_alert",
      "provider": "module.monitoring_logging_cloud_run.provider[\"registry.terraform.io/hashicorp/google\"]",
      "instances": [
        {
          "schema_version": 0,
          "attributes": {
            "alert_strategy": [],
            "combiner": "OR",
            "conditions": [
              {
                "condition_absent": [],
                "condition_matched_log": [],
                "condition_monitoring_query_language": [],
                "condition_prometheus_query_language": [],
                "condition_threshold": [
                  {
                    "aggregations": [
                      {
                        "alignment_period": "60s",
                        "cross_series_reducer": "",
                        "group_by_fields": [
                          "resource.label.database_id"
                        ],
                        "per_series_aligner": "ALIGN_MEAN"
                      }
                    ],
                    "comparison": "COMPARISON_GT",
                    "denominator_aggregations": [],
                    "denominator_filter": "",
                    "duration": "60s",
                    "evaluation_missing_data": "",
                    "filter": "resource.type=\"cloudsql_database\" AND metric.type=\"cloudsql.googleapis.com/database/disk/bytes_used\"",
                    "forecast_options": [],
                    "threshold_value": 8589934592,
                    "trigger": []
                  }
                ],
                "display_name": "Cloud SQL disk usage \u003e 8Go",
                "name": "projects/twittix/alertPolicies/5936283750367588106/conditions/5936283750367586769"
              }
            ],
            "creation_record": [
              {
                "mutate_time": "2025-06-06T16:09:38.216808657Z",
                "mutated_by": "boursyt@gmail.com"
              }
            ],
            "display_name": "Cloud SQL Storage \u003e 8Go",
            "documentation": [],
            "enabled": true,
            "id": "projects/twittix/alertPolicies/5936283750367588106",
            "name": "projects/twittix/alertPolicies/5936283750367588106",
            "notification_channels": [
              "projects/twittix/notificationChannels/3258547874512877708"
            ],
            "project": "twittix",
            "severity": "",
            "timeouts": null,
            "user_labels": {}
          },
          "sensitive_attributes": [],
          "private": "eyJlMmJmYjczMC1lY2FhLTExZTYtOGY4OC0zNDM2M2JjN2M0YzAiOnsiY3JlYXRlIjoxMjAwMDAwMDAwMDAwLCJkZWxldGUiOjEyMDAwMDAwMDAwMDAsInVwZGF0ZSI6MTIwMDAwMDAwMDAwMH19",
          "dependencies": [
            "google_monitoring_notification_channel.email_alert_channel"
          ]
        }
      ]
    },
    {
      "module": "module.monitoring_logging_redis",
      "mode": "managed",
      "type": "google_logging_project_sink",
      "name": "log_sink",
      "provider": "module.monitoring_logging_redis.provider[\"registry.terraform.io/hashicorp/google\"]",
      "instances": [
        {
          "schema_version": 0,
          "attributes": {
            "bigquery_options": [],
            "custom_writer_identity": null,
            "description": "",
            "destination": "storage.googleapis.com/redis-logs",
            "disabled": false,
            "exclusions": [],
            "filter": "resource.type=redis_instance",
            "id": "projects/twittix/sinks/log-sink-redis",
            "name": "log-sink-redis",
            "project": "twittix",
            "unique_writer_identity": true,
            "writer_identity": "serviceAccount:service-281743633186@gcp-sa-logging.iam.gserviceaccount.com"
          },
          "sensitive_attributes": [],
          "private": "bnVsbA=="
        }
      ]
    },
    {
      "module": "module.monitoring_logging_redis",
      "mode": "managed",
      "type": "google_monitoring_alert_policy",
      "name": "cpu_alert",
      "provider": "module.monitoring_logging_redis.provider[\"registry.terraform.io/hashicorp/google\"]",
      "instances": [
        {
          "schema_version": 0,
          "attributes": {
            "alert_strategy": [],
            "combiner": "OR",
            "conditions": [
              {
                "condition_absent": [],
                "condition_matched_log": [],
                "condition_monitoring_query_language": [],
                "condition_prometheus_query_language": [],
                "condition_threshold": [
                  {
                    "aggregations": [
                      {
                        "alignment_period": "60s",
                        "cross_series_reducer": "",
                        "group_by_fields": [],
                        "per_series_aligner": "ALIGN_PERCENTILE_95"
                      }
                    ],
                    "comparison": "COMPARISON_GT",
                    "denominator_aggregations": [],
                    "denominator_filter": "",
                    "duration": "60s",
                    "evaluation_missing_data": "",
                    "filter": "resource.type=\"cloud_run_revision\" AND metric.type=\"run.googleapis.com/container/cpu/utilizations\"",
                    "forecast_options": [],
                    "threshold_value": 0.8,
                    "trigger": []
                  }
                ],
                "display_name": "CPU over 80%",
                "name": "projects/twittix/alertPolicies/9703490682361594144/conditions/9703490682361597583"
              }
            ],
            "creation_record": [
              {
                "mutate_time": "2025-06-06T16:09:32.009481736Z",
                "mutated_by": "boursyt@gmail.com"
              }
            ],
            "display_name": "High CPU Usage",
            "documentation": [],
            "enabled": true,
            "id": "projects/twittix/alertPolicies/9703490682361594144",
            "name": "projects/twittix/alertPolicies/9703490682361594144",
            "notification_channels": [
              "projects/twittix/notificationChannels/3258547874512877708"
            ],
            "project": "twittix",
            "severity": "",
            "timeouts": null,
            "user_labels": {}
          },
          "sensitive_attributes": [],
          "private": "eyJlMmJmYjczMC1lY2FhLTExZTYtOGY4OC0zNDM2M2JjN2M0YzAiOnsiY3JlYXRlIjoxMjAwMDAwMDAwMDAwLCJkZWxldGUiOjEyMDAwMDAwMDAwMDAsInVwZGF0ZSI6MTIwMDAwMDAwMDAwMH19",
          "dependencies": [
            "google_monitoring_notification_channel.email_alert_channel"
          ]
        }
      ]
    },
    {
      "module": "module.monitoring_logging_redis",
      "mode": "managed",
      "type": "google_monitoring_alert_policy",
      "name": "ram_alert",
      "provider": "module.monitoring_logging_redis.provider[\"registry.terraform.io/hashicorp/google\"]",
      "instances": [
        {
          "schema_version": 0,
          "attributes": {
            "alert_strategy": [],
            "combiner": "OR",
            "conditions": [
              {
                "condition_absent": [],
                "condition_matched_log": [],
                "condition_monitoring_query_language": [],
                "condition_prometheus_query_language": [],
                "condition_threshold": [
                  {
                    "aggregations": [
                      {
                        "alignment_period": "60s",
                        "cross_series_reducer": "",
                        "group_by_fields": [],
                        "per_series_aligner": "ALIGN_PERCENTILE_95"
                      }
                    ],
                    "comparison": "COMPARISON_GT",
                    "denominator_aggregations": [],
                    "denominator_filter": "",
                    "duration": "60s",
                    "evaluation_missing_data": "",
                    "filter": "resource.type=\"cloud_run_revision\" AND metric.type=\"run.googleapis.com/container/memory/utilizations\"",
                    "forecast_options": [],
                    "threshold_value": 0.8,
                    "trigger": []
                  }
                ],
                "display_name": "RAM over 80%",
                "name": "projects/twittix/alertPolicies/14646268650227219147/conditions/14646268650227218044"
              }
            ],
            "creation_record": [
              {
                "mutate_time": "2025-06-06T16:09:30.316467718Z",
                "mutated_by": "boursyt@gmail.com"
              }
            ],
            "display_name": "High RAM Usage",
            "documentation": [],
            "enabled": true,
            "id": "projects/twittix/alertPolicies/14646268650227219147",
            "name": "projects/twittix/alertPolicies/14646268650227219147",
            "notification_channels": [
              "projects/twittix/notificationChannels/3258547874512877708"
            ],
            "project": "twittix",
            "severity": "",
            "timeouts": null,
            "user_labels": {}
          },
          "sensitive_attributes": [],
          "private": "eyJlMmJmYjczMC1lY2FhLTExZTYtOGY4OC0zNDM2M2JjN2M0YzAiOnsiY3JlYXRlIjoxMjAwMDAwMDAwMDAwLCJkZWxldGUiOjEyMDAwMDAwMDAwMDAsInVwZGF0ZSI6MTIwMDAwMDAwMDAwMH19",
          "dependencies": [
            "google_monitoring_notification_channel.email_alert_channel"
          ]
        }
      ]
    },
    {
      "module": "module.monitoring_logging_redis",
      "mode": "managed",
      "type": "google_monitoring_alert_policy",
      "name": "redis_memory_alert",
      "provider": "module.monitoring_logging_redis.provider[\"registry.terraform.io/hashicorp/google\"]",
      "instances": [
        {
          "schema_version": 0,
          "attributes": {
            "alert_strategy": [],
            "combiner": "OR",
            "conditions": [
              {
                "condition_absent": [],
                "condition_matched_log": [],
                "condition_monitoring_query_language": [],
                "condition_prometheus_query_language": [],
                "condition_threshold": [
                  {
                    "aggregations": [
                      {
                        "alignment_period": "60s",
                        "cross_series_reducer": "",
                        "group_by_fields": [],
                        "per_series_aligner": "ALIGN_MEAN"
                      }
                    ],
                    "comparison": "COMPARISON_GT",
                    "denominator_aggregations": [],
                    "denominator_filter": "",
                    "duration": "60s",
                    "evaluation_missing_data": "",
                    "filter": "resource.type=\"redis_instance\" AND metric.type=\"redis.googleapis.com/stats/memory/usage_ratio\"",
                    "forecast_options": [],
                    "threshold_value": 0.8,
                    "trigger": []
                  }
                ],
                "display_name": "Redis memory over 80%",
                "name": "projects/twittix/alertPolicies/9332862100055323474/conditions/9332862100055325671"
              }
            ],
            "creation_record": [
              {
                "mutate_time": "2025-06-06T16:09:33.374311216Z",
                "mutated_by": "boursyt@gmail.com"
              }
            ],
            "display_name": "Redis Memory Usage \u003e 80%",
            "documentation": [],
            "enabled": true,
            "id": "projects/twittix/alertPolicies/9332862100055323474",
            "name": "projects/twittix/alertPolicies/9332862100055323474",
            "notification_channels": [
              "projects/twittix/notificationChannels/3258547874512877708"
            ],
            "project": "twittix",
            "severity": "",
            "timeouts": null,
            "user_labels": {}
          },
          "sensitive_attributes": [],
          "private": "eyJlMmJmYjczMC1lY2FhLTExZTYtOGY4OC0zNDM2M2JjN2M0YzAiOnsiY3JlYXRlIjoxMjAwMDAwMDAwMDAwLCJkZWxldGUiOjEyMDAwMDAwMDAwMDAsInVwZGF0ZSI6MTIwMDAwMDAwMDAwMH19",
          "dependencies": [
            "google_monitoring_notification_channel.email_alert_channel"
          ]
        }
      ]
    },
    {
      "module": "module.monitoring_logging_redis",
      "mode": "managed",
      "type": "google_monitoring_alert_policy",
      "name": "sql_storage_alert",
      "provider": "module.monitoring_logging_redis.provider[\"registry.terraform.io/hashicorp/google\"]",
      "instances": [
        {
          "schema_version": 0,
          "attributes": {
            "alert_strategy": [],
            "combiner": "OR",
            "conditions": [
              {
                "condition_absent": [],
                "condition_matched_log": [],
                "condition_monitoring_query_language": [],
                "condition_prometheus_query_language": [],
                "condition_threshold": [
                  {
                    "aggregations": [
                      {
                        "alignment_period": "60s",
                        "cross_series_reducer": "",
                        "group_by_fields": [
                          "resource.label.database_id"
                        ],
                        "per_series_aligner": "ALIGN_MEAN"
                      }
                    ],
                    "comparison": "COMPARISON_GT",
                    "denominator_aggregations": [],
                    "denominator_filter": "",
                    "duration": "60s",
                    "evaluation_missing_data": "",
                    "filter": "resource.type=\"cloudsql_database\" AND metric.type=\"cloudsql.googleapis.com/database/disk/bytes_used\"",
                    "forecast_options": [],
                    "threshold_value": 8589934592,
                    "trigger": []
                  }
                ],
                "display_name": "Cloud SQL disk usage \u003e 8Go",
                "name": "projects/twittix/alertPolicies/1308233996751638647/conditions/1308233996751642106"
              }
            ],
            "creation_record": [
              {
                "mutate_time": "2025-06-06T16:09:34.889451207Z",
                "mutated_by": "boursyt@gmail.com"
              }
            ],
            "display_name": "Cloud SQL Storage \u003e 8Go",
            "documentation": [],
            "enabled": true,
            "id": "projects/twittix/alertPolicies/1308233996751638647",
            "name": "projects/twittix/alertPolicies/1308233996751638647",
            "notification_channels": [
              "projects/twittix/notificationChannels/3258547874512877708"
            ],
            "project": "twittix",
            "severity": "",
            "timeouts": null,
            "user_labels": {}
          },
          "sensitive_attributes": [],
          "private": "eyJlMmJmYjczMC1lY2FhLTExZTYtOGY4OC0zNDM2M2JjN2M0YzAiOnsiY3JlYXRlIjoxMjAwMDAwMDAwMDAwLCJkZWxldGUiOjEyMDAwMDAwMDAwMDAsInVwZGF0ZSI6MTIwMDAwMDAwMDAwMH19",
          "dependencies": [
            "google_monitoring_notification_channel.email_alert_channel"
          ]
        }
      ]
    },
    {
      "module": "module.monitoring_logging_sql",
      "mode": "managed",
      "type": "google_logging_project_sink",
      "name": "log_sink",
      "provider": "module.monitoring_logging_sql.provider[\"registry.terraform.io/hashicorp/google\"]",
      "instances": [
        {
          "schema_version": 0,
          "attributes": {
            "bigquery_options": [],
            "custom_writer_identity": null,
            "description": "",
            "destination": "storage.googleapis.com/sql-logs",
            "disabled": false,
            "exclusions": [],
            "filter": "resource.type=cloudsql_database",
            "id": "projects/twittix/sinks/log-sink-sql",
            "name": "log-sink-sql",
            "project": "twittix",
            "unique_writer_identity": true,
            "writer_identity": "serviceAccount:service-281743633186@gcp-sa-logging.iam.gserviceaccount.com"
          },
          "sensitive_attributes": [],
          "private": "bnVsbA=="
        }
      ]
    },
    {
      "module": "module.monitoring_logging_sql",
      "mode": "managed",
      "type": "google_monitoring_alert_policy",
      "name": "cpu_alert",
      "provider": "module.monitoring_logging_sql.provider[\"registry.terraform.io/hashicorp/google\"]",
      "instances": [
        {
          "schema_version": 0,
          "attributes": {
            "alert_strategy": [],
            "combiner": "OR",
            "conditions": [
              {
                "condition_absent": [],
                "condition_matched_log": [],
                "condition_monitoring_query_language": [],
                "condition_prometheus_query_language": [],
                "condition_threshold": [
                  {
                    "aggregations": [
                      {
                        "alignment_period": "60s",
                        "cross_series_reducer": "",
                        "group_by_fields": [],
                        "per_series_aligner": "ALIGN_PERCENTILE_95"
                      }
                    ],
                    "comparison": "COMPARISON_GT",
                    "denominator_aggregations": [],
                    "denominator_filter": "",
                    "duration": "60s",
                    "evaluation_missing_data": "",
                    "filter": "resource.type=\"cloud_run_revision\" AND metric.type=\"run.googleapis.com/container/cpu/utilizations\"",
                    "forecast_options": [],
                    "threshold_value": 0.8,
                    "trigger": []
                  }
                ],
                "display_name": "CPU over 80%",
                "name": "projects/twittix/alertPolicies/13967165492311662448/conditions/13967165492311661745"
              }
            ],
            "creation_record": [
              {
                "mutate_time": "2025-06-06T16:09:32.604841112Z",
                "mutated_by": "boursyt@gmail.com"
              }
            ],
            "display_name": "High CPU Usage",
            "documentation": [],
            "enabled": true,
            "id": "projects/twittix/alertPolicies/13967165492311662448",
            "name": "projects/twittix/alertPolicies/13967165492311662448",
            "notification_channels": [
              "projects/twittix/notificationChannels/3258547874512877708"
            ],
            "project": "twittix",
            "severity": "",
            "timeouts": null,
            "user_labels": {}
          },
          "sensitive_attributes": [],
          "private": "eyJlMmJmYjczMC1lY2FhLTExZTYtOGY4OC0zNDM2M2JjN2M0YzAiOnsiY3JlYXRlIjoxMjAwMDAwMDAwMDAwLCJkZWxldGUiOjEyMDAwMDAwMDAwMDAsInVwZGF0ZSI6MTIwMDAwMDAwMDAwMH19",
          "dependencies": [
            "google_monitoring_notification_channel.email_alert_channel"
          ]
        }
      ]
    },
    {
      "module": "module.monitoring_logging_sql",
      "mode": "managed",
      "type": "google_monitoring_alert_policy",
      "name": "ram_alert",
      "provider": "module.monitoring_logging_sql.provider[\"registry.terraform.io/hashicorp/google\"]",
      "instances": [
        {
          "schema_version": 0,
          "attributes": {
            "alert_strategy": [],
            "combiner": "OR",
            "conditions": [
              {
                "condition_absent": [],
                "condition_matched_log": [],
                "condition_monitoring_query_language": [],
                "condition_prometheus_query_language": [],
                "condition_threshold": [
                  {
                    "aggregations": [
                      {
                        "alignment_period": "60s",
                        "cross_series_reducer": "",
                        "group_by_fields": [],
                        "per_series_aligner": "ALIGN_PERCENTILE_95"
                      }
                    ],
                    "comparison": "COMPARISON_GT",
                    "denominator_aggregations": [],
                    "denominator_filter": "",
                    "duration": "60s",
                    "evaluation_missing_data": "",
                    "filter": "resource.type=\"cloud_run_revision\" AND metric.type=\"run.googleapis.com/container/memory/utilizations\"",
                    "forecast_options": [],
                    "threshold_value": 0.8,
                    "trigger": []
                  }
                ],
                "display_name": "RAM over 80%",
                "name": "projects/twittix/alertPolicies/5312901104948160008/conditions/5312901104948161467"
              }
            ],
            "creation_record": [
              {
                "mutate_time": "2025-06-06T16:09:38.448963238Z",
                "mutated_by": "boursyt@gmail.com"
              }
            ],
            "display_name": "High RAM Usage",
            "documentation": [],
            "enabled": true,
            "id": "projects/twittix/alertPolicies/5312901104948160008",
            "name": "projects/twittix/alertPolicies/5312901104948160008",
            "notification_channels": [
              "projects/twittix/notificationChannels/3258547874512877708"
            ],
            "project": "twittix",
            "severity": "",
            "timeouts": null,
            "user_labels": {}
          },
          "sensitive_attributes": [],
          "private": "eyJlMmJmYjczMC1lY2FhLTExZTYtOGY4OC0zNDM2M2JjN2M0YzAiOnsiY3JlYXRlIjoxMjAwMDAwMDAwMDAwLCJkZWxldGUiOjEyMDAwMDAwMDAwMDAsInVwZGF0ZSI6MTIwMDAwMDAwMDAwMH19",
          "dependencies": [
            "google_monitoring_notification_channel.email_alert_channel"
          ]
        }
      ]
    },
    {
      "module": "module.monitoring_logging_sql",
      "mode": "managed",
      "type": "google_monitoring_alert_policy",
      "name": "redis_memory_alert",
      "provider": "module.monitoring_logging_sql.provider[\"registry.terraform.io/hashicorp/google\"]",
      "instances": [
        {
          "schema_version": 0,
          "attributes": {
            "alert_strategy": [],
            "combiner": "OR",
            "conditions": [
              {
                "condition_absent": [],
                "condition_matched_log": [],
                "condition_monitoring_query_language": [],
                "condition_prometheus_query_language": [],
                "condition_threshold": [
                  {
                    "aggregations": [
                      {
                        "alignment_period": "60s",
                        "cross_series_reducer": "",
                        "group_by_fields": [],
                        "per_series_aligner": "ALIGN_MEAN"
                      }
                    ],
                    "comparison": "COMPARISON_GT",
                    "denominator_aggregations": [],
                    "denominator_filter": "",
                    "duration": "60s",
                    "evaluation_missing_data": "",
                    "filter": "resource.type=\"redis_instance\" AND metric.type=\"redis.googleapis.com/stats/memory/usage_ratio\"",
                    "forecast_options": [],
                    "threshold_value": 0.8,
                    "trigger": []
                  }
                ],
                "display_name": "Redis memory over 80%",
                "name": "projects/twittix/alertPolicies/16996501703130406446/conditions/16996501703130404793"
              }
            ],
            "creation_record": [
              {
                "mutate_time": "2025-06-06T16:09:35.443772200Z",
                "mutated_by": "boursyt@gmail.com"
              }
            ],
            "display_name": "Redis Memory Usage \u003e 80%",
            "documentation": [],
            "enabled": true,
            "id": "projects/twittix/alertPolicies/16996501703130406446",
            "name": "projects/twittix/alertPolicies/16996501703130406446",
            "notification_channels": [
              "projects/twittix/notificationChannels/3258547874512877708"
            ],
            "project": "twittix",
            "severity": "",
            "timeouts": null,
            "user_labels": {}
          },
          "sensitive_attributes": [],
          "private": "eyJlMmJmYjczMC1lY2FhLTExZTYtOGY4OC0zNDM2M2JjN2M0YzAiOnsiY3JlYXRlIjoxMjAwMDAwMDAwMDAwLCJkZWxldGUiOjEyMDAwMDAwMDAwMDAsInVwZGF0ZSI6MTIwMDAwMDAwMDAwMH19",
          "dependencies": [
            "google_monitoring_notification_channel.email_alert_channel"
          ]
        }
      ]
    },
    {
      "module": "module.monitoring_logging_sql",
      "mode": "managed",
      "type": "google_monitoring_alert_policy",
      "name": "sql_storage_alert",
      "provider": "module.monitoring_logging_sql.provider[\"registry.terraform.io/hashicorp/google\"]",
      "instances": [
        {
          "schema_version": 0,
          "attributes": {
            "alert_strategy": [],
            "combiner": "OR",
            "conditions": [
              {
                "condition_absent": [],
                "condition_matched_log": [],
                "condition_monitoring_query_language": [],
                "condition_prometheus_query_language": [],
                "condition_threshold": [
                  {
                    "aggregations": [
                      {
                        "alignment_period": "60s",
                        "cross_series_reducer": "",
                        "group_by_fields": [
                          "resource.label.database_id"
                        ],
                        "per_series_aligner": "ALIGN_MEAN"
                      }
                    ],
                    "comparison": "COMPARISON_GT",
                    "denominator_aggregations": [],
                    "denominator_filter": "",
                    "duration": "60s",
                    "evaluation_missing_data": "",
                    "filter": "resource.type=\"cloudsql_database\" AND metric.type=\"cloudsql.googleapis.com/database/disk/bytes_used\"",
                    "forecast_options": [],
                    "threshold_value": 8589934592,
                    "trigger": []
                  }
                ],
                "display_name": "Cloud SQL disk usage \u003e 8Go",
                "name": "projects/twittix/alertPolicies/10513511943660322321/conditions/10513511943660319670"
              }
            ],
            "creation_record": [
              {
                "mutate_time": "2025-06-06T16:09:34.042345256Z",
                "mutated_by": "boursyt@gmail.com"
              }
            ],
            "display_name": "Cloud SQL Storage \u003e 8Go",
            "documentation": [],
            "enabled": true,
            "id": "projects/twittix/alertPolicies/10513511943660322321",
            "name": "projects/twittix/alertPolicies/10513511943660322321",
            "notification_channels": [
              "projects/twittix/notificationChannels/3258547874512877708"
            ],
            "project": "twittix",
            "severity": "",
            "timeouts": null,
            "user_labels": {}
          },
          "sensitive_attributes": [],
          "private": "eyJlMmJmYjczMC1lY2FhLTExZTYtOGY4OC0zNDM2M2JjN2M0YzAiOnsiY3JlYXRlIjoxMjAwMDAwMDAwMDAwLCJkZWxldGUiOjEyMDAwMDAwMDAwMDAsInVwZGF0ZSI6MTIwMDAwMDAwMDAwMH19",
          "dependencies": [
            "google_monitoring_notification_channel.email_alert_channel"
          ]
        }
      ]
    },
    {
      "module": "module.secrets_auth_api",
      "mode": "managed",
      "type": "google_secret_manager_secret",
      "name": "secrets",
      "provider": "module.secrets_auth_api.provider[\"registry.terraform.io/hashicorp/google\"]",
      "instances": []
    },
    {
      "module": "module.secrets_auth_api",
      "mode": "managed",
      "type": "google_secret_manager_secret_version",
      "name": "secrets_version",
      "provider": "module.secrets_auth_api.provider[\"registry.terraform.io/hashicorp/google\"]",
      "instances": []
    },
    {
      "module": "module.secrets_backend_api",
      "mode": "managed",
      "type": "google_secret_manager_secret",
      "name": "secrets",
      "provider": "module.secrets_backend_api.provider[\"registry.terraform.io/hashicorp/google\"]",
      "instances": []
    },
    {
      "module": "module.secrets_backend_api",
      "mode": "managed",
      "type": "google_secret_manager_secret_version",
      "name": "secrets_version",
      "provider": "module.secrets_backend_api.provider[\"registry.terraform.io/hashicorp/google\"]",
      "instances": []
    },
    {
      "module": "module.secrets_front_admin",
      "mode": "managed",
      "type": "google_secret_manager_secret",
      "name": "secrets",
      "provider": "module.secrets_front_admin.provider[\"registry.terraform.io/hashicorp/google\"]",
      "instances": []
    },
    {
      "module": "module.secrets_front_admin",
      "mode": "managed",
      "type": "google_secret_manager_secret_version",
      "name": "secrets_version",
      "provider": "module.secrets_front_admin.provider[\"registry.terraform.io/hashicorp/google\"]",
      "instances": []
    },
    {
      "module": "module.secrets_front_user",
      "mode": "managed",
      "type": "google_secret_manager_secret",
      "name": "secrets",
      "provider": "module.secrets_front_user.provider[\"registry.terraform.io/hashicorp/google\"]",
      "instances": []
    },
    {
      "module": "module.secrets_front_user",
      "mode": "managed",
      "type": "google_secret_manager_secret_version",
      "name": "secrets_version",
      "provider": "module.secrets_front_user.provider[\"registry.terraform.io/hashicorp/google\"]",
      "instances": []
    },
    {
      "module": "module.secrets_recommendation_api",
      "mode": "managed",
      "type": "google_secret_manager_secret",
      "name": "secrets",
      "provider": "module.secrets_recommendation_api.provider[\"registry.terraform.io/hashicorp/google\"]",
      "instances": []
    },
    {
      "module": "module.secrets_recommendation_api",
      "mode": "managed",
      "type": "google_secret_manager_secret_version",
      "name": "secrets_version",
      "provider": "module.secrets_recommendation_api.provider[\"registry.terraform.io/hashicorp/google\"]",
      "instances": []
    },
    {
      "module": "module.vpc",
      "mode": "managed",
      "type": "google_compute_network",
      "name": "main",
      "provider": "module.vpc.provider[\"registry.terraform.io/hashicorp/google\"]",
      "instances": [
        {
          "schema_version": 0,
          "attributes": {
            "auto_create_subnetworks": false,
            "bgp_always_compare_med": false,
            "bgp_best_path_selection_mode": "LEGACY",
            "bgp_inter_region_cost": "",
            "delete_default_routes_on_create": false,
            "description": "",
            "enable_ula_internal_ipv6": false,
            "gateway_ipv4": "",
            "id": "projects/twittix/global/networks/twittix-vpc",
            "internal_ipv6_range": "",
            "mtu": 0,
            "name": "twittix-vpc",
            "network_firewall_policy_enforcement_order": "AFTER_CLASSIC_FIREWALL",
            "network_id": "7976069870232972374",
            "network_profile": "",
            "numeric_id": "7976069870232972374",
            "project": "twittix",
            "routing_mode": "REGIONAL",
            "self_link": "https://www.googleapis.com/compute/v1/projects/twittix/global/networks/twittix-vpc",
            "timeouts": null
          },
          "sensitive_attributes": [],
          "private": "eyJlMmJmYjczMC1lY2FhLTExZTYtOGY4OC0zNDM2M2JjN2M0YzAiOnsiY3JlYXRlIjoxMjAwMDAwMDAwMDAwLCJkZWxldGUiOjEyMDAwMDAwMDAwMDAsInVwZGF0ZSI6MTIwMDAwMDAwMDAwMH19"
        }
      ]
    },
    {
      "module": "module.vpc",
      "mode": "managed",
      "type": "google_compute_subnetwork",
      "name": "main_subnet",
      "provider": "module.vpc.provider[\"registry.terraform.io/hashicorp/google\"]",
      "instances": [
        {
          "schema_version": 0,
          "attributes": {
            "creation_timestamp": "2025-06-06T09:09:41.689-07:00",
            "description": "",
            "external_ipv6_prefix": "",
            "fingerprint": null,
            "gateway_address": "10.10.0.1",
            "id": "projects/twittix/regions/europe-west1/subnetworks/twittix-vpc-subnet",
            "internal_ipv6_prefix": "",
            "ip_cidr_range": "10.10.0.0/16",
            "ipv6_access_type": "",
            "ipv6_cidr_range": "",
            "log_config": [],
            "name": "twittix-vpc-subnet",
            "network": "https://www.googleapis.com/compute/v1/projects/twittix/global/networks/twittix-vpc",
            "private_ip_google_access": true,
            "private_ipv6_google_access": "DISABLE_GOOGLE_ACCESS",
            "project": "twittix",
            "purpose": "PRIVATE",
            "region": "europe-west1",
            "reserved_internal_range": "",
            "role": "",
            "secondary_ip_range": [],
            "self_link": "https://www.googleapis.com/compute/v1/projects/twittix/regions/europe-west1/subnetworks/twittix-vpc-subnet",
            "send_secondary_ip_range_if_empty": null,
            "stack_type": "IPV4_ONLY",
            "subnetwork_id": 8541062737733528618,
            "timeouts": null
          },
          "sensitive_attributes": [],
          "private": "eyJlMmJmYjczMC1lY2FhLTExZTYtOGY4OC0zNDM2M2JjN2M0YzAiOnsiY3JlYXRlIjoxMjAwMDAwMDAwMDAwLCJkZWxldGUiOjEyMDAwMDAwMDAwMDAsInVwZGF0ZSI6MTIwMDAwMDAwMDAwMH19",
          "dependencies": [
            "module.vpc.google_compute_network.main"
          ]
        }
      ]
    },
    {
      "module": "module.vpc",
      "mode": "managed",
      "type": "google_project_service",
      "name": "servicenetworking_api",
      "provider": "module.vpc.provider[\"registry.terraform.io/hashicorp/google\"]",
      "instances": [
        {
          "schema_version": 0,
          "attributes": {
            "disable_dependent_services": null,
            "disable_on_destroy": false,
            "id": "twittix/servicenetworking.googleapis.com",
            "project": "twittix",
            "service": "servicenetworking.googleapis.com",
            "timeouts": null
          },
          "sensitive_attributes": [],
          "private": "eyJlMmJmYjczMC1lY2FhLTExZTYtOGY4OC0zNDM2M2JjN2M0YzAiOnsiY3JlYXRlIjoxMjAwMDAwMDAwMDAwLCJkZWxldGUiOjEyMDAwMDAwMDAwMDAsInJlYWQiOjYwMDAwMDAwMDAwMCwidXBkYXRlIjoxMjAwMDAwMDAwMDAwfX0="
        }
      ]
    },
    {
      "module": "module.vpc",
      "mode": "managed",
      "type": "google_vpc_access_connector",
      "name": "connector",
      "provider": "module.vpc.provider[\"registry.terraform.io/hashicorp/google\"]",
      "instances": [
        {
          "schema_version": 0,
          "attributes": {
            "connected_projects": [],
            "id": "projects/twittix/locations/europe-west1/connectors/vpc-connector-twittix",
            "ip_cidr_range": "10.8.0.0/28",
            "machine_type": "e2-micro",
            "max_instances": 5,
            "max_throughput": 500,
            "min_instances": 2,
            "min_throughput": 200,
            "name": "vpc-connector-twittix",
            "network": "twittix-vpc",
            "project": "twittix",
            "region": "europe-west1",
            "self_link": "projects/twittix/locations/europe-west1/connectors/vpc-connector-twittix",
            "state": "READY",
            "subnet": [],
            "timeouts": null
          },
          "sensitive_attributes": [],
          "private": "eyJlMmJmYjczMC1lY2FhLTExZTYtOGY4OC0zNDM2M2JjN2M0YzAiOnsiY3JlYXRlIjoxMjAwMDAwMDAwMDAwLCJkZWxldGUiOjEyMDAwMDAwMDAwMDB9fQ==",
          "dependencies": [
            "module.vpc.google_compute_network.main",
            "module.vpc.google_compute_subnetwork.main_subnet"
          ]
        }
      ]
    }
  ],
  "check_results": null
}
